
Microsoft Visual Studio Solution File, Format Version 12.00
# Visual Studio Version 17
VisualStudioVersion = 17.5.002.0
MinimumVisualStudioVersion = 10.0.40219.1
Project("{9A19103F-16F7-4668-BE54-9A1E7A4F7556}") = "EPE3_maria", "EPE3_maria\EPE3_maria.csproj", "{31A3BA82-F84F-407E-9F63-DCC973339789}"
EndProject
Global
	GlobalSection(SolutionConfigurationPlatforms) = preSolution
		Debug|Any CPU = Debug|Any CPU
		Release|Any CPU = Release|Any CPU
	EndGlobalSection
	GlobalSection(ProjectConfigurationPlatforms) = postSolution
		{31A3BA82-F84F-407E-9F63-DCC973339789}.Debug|Any CPU.ActiveCfg = Debug|Any CPU
		{31A3BA82-F84F-407E-9F63-DCC973339789}.Debug|Any CPU.Build.0 = Debug|Any CPU
		{31A3BA82-F84F-407E-9F63-DCC973339789}.Release|Any CPU.ActiveCfg = Release|Any CPU
		{31A3BA82-F84F-407E-9F63-DCC973339789}.Release|Any CPU.Build.0 = Release|Any CPU
	EndGlobalSection
	GlobalSection(SolutionProperties) = preSolution
		HideSolutionNode = FALSE
	EndGlobalSection
	GlobalSection(ExtensibilityGlobals) = postSolution
		SolutionGuid = {D9558D8F-61F3-462D-B060-05AE800F2CB3}
	EndGlobalSection
EndGlobal
